
Microsoft Visual Studio Solution File, Format Version 12.00
Project("{FAE04EC0-301F-11D3-BF4B-00C04F79EFBC}") = "ToDoAsLessCodeAsPossible.Api", "ToDoAsLessCodeAsPossible.Api\ToDoAsLessCodeAsPossible.Api.csproj", "{0D889A54-A5F6-4F7B-9A81-185B65D9329A}"
EndProject
Project("{FAE04EC0-301F-11D3-BF4B-00C04F79EFBC}") = "ToDoAsLessCodeAsPossible.Infrastructure", "ToDoAsLessCodeAsPossible.Infrastructure\ToDoAsLessCodeAsPossible.Infrastructure.csproj", "{20CFACE3-4373-40FA-B0E2-8B66CFA387D6}"
EndProject
Project("{FAE04EC0-301F-11D3-BF4B-00C04F79EFBC}") = "ToDoAsLessCodeAsPossible.UseCases", "ToDoAsLessCodeAsPossible.UseCases\ToDoAsLessCodeAsPossible.UseCases.csproj", "{8C7FC227-178C-476E-9562-4AF6BF9446C6}"
EndProject
Project("{FAE04EC0-301F-11D3-BF4B-00C04F79EFBC}") = "ToDoAsLessCodeAsPossible.Domain", "ToDoAsLessCodeAsPossible.Domain\ToDoAsLessCodeAsPossible.Domain.csproj", "{47CB6767-5020-4E0D-9686-4A1E9FF36831}"
EndProject
Project("{2150E333-8FDC-42A3-9474-1A3956D46DE8}") = "BuildingBlocks", "BuildingBlocks", "{E5657D14-4CE0-4FEE-B85D-5024F6C9DE3A}"
EndProject
Project("{FAE04EC0-301F-11D3-BF4B-00C04F79EFBC}") = "ToDoAsLessCodeAsPossible.BuildingBlocks.Abstractions", "ToDoAsLessCodeAsPossible.BuildingBlocks.Abstractions\ToDoAsLessCodeAsPossible.BuildingBlocks.Abstractions.csproj", "{FB325CE4-0523-4130-97D4-4D4C1068A8E4}"
EndProject
Project("{FAE04EC0-301F-11D3-BF4B-00C04F79EFBC}") = "ToDoAsLessCodeAsPossible.BuildingBlocks.Infrastructure", "ToDoAsLessCodeAsPossible.BuildingBlocks.Infrastructure\ToDoAsLessCodeAsPossible.BuildingBlocks.Infrastructure.csproj", "{7BD99AA1-6B76-4C98-A6CB-0A0B3C8E7C33}"
EndProject
Project("{FAE04EC0-301F-11D3-BF4B-00C04F79EFBC}") = "ToDoAsLessCodeAsPossible.BuildingBlocks.Api", "ToDoAsLessCodeAsPossible.BuildingBlocks.Api\ToDoAsLessCodeAsPossible.BuildingBlocks.Api.csproj", "{2025F4F1-BEA6-4647-B384-B4F450306F13}"
EndProject
Project("{2150E333-8FDC-42A3-9474-1A3956D46DE8}") = "Tests", "Tests", "{104A4329-CDD6-4848-909D-88F37640690B}"
EndProject
Project("{FAE04EC0-301F-11D3-BF4B-00C04F79EFBC}") = "ToDoAsLessCodeAsPossible.BuildingBlocks.Api.Tests", "ToDoAsLessCodeAsPossible.BuildingBlocks.Api.Tests\ToDoAsLessCodeAsPossible.BuildingBlocks.Api.Tests.csproj", "{77A2ECC6-76EF-43D5-BC2F-5EAE9D3A440C}"
EndProject
Project("{FAE04EC0-301F-11D3-BF4B-00C04F79EFBC}") = "ToDoAsLessCodeAsPossible.BuildingBlocks.Infrastructure.Tests", "ToDoAsLessCodeAsPossible.BuildingBlocks.Infrastructure.Tests\ToDoAsLessCodeAsPossible.BuildingBlocks.Infrastructure.Tests.csproj", "{63AFD63B-A074-49F8-8FC2-6051033D85D7}"
EndProject
Project("{2150E333-8FDC-42A3-9474-1A3956D46DE8}") = "Tests", "Tests", "{5A5D6EBC-4ABD-4D6F-A812-0E6AB4F2AB5C}"
EndProject
Project("{FAE04EC0-301F-11D3-BF4B-00C04F79EFBC}") = "ToDoAsLessCodeAsPossible.Domain.Tests", "ToDoAsLessCodeAsPossible.Domain.Tests\ToDoAsLessCodeAsPossible.Domain.Tests.csproj", "{B1B18A75-B867-48B5-A2A2-E38154157616}"
EndProject
Project("{FAE04EC0-301F-11D3-BF4B-00C04F79EFBC}") = "ToDoAsLessCodeAsPossible.UseCases.Tests", "ToDoAsLessCodeAsPossible.UseCases.Tests\ToDoAsLessCodeAsPossible.UseCases.Tests.csproj", "{93A6D471-E1A5-4A36-9A90-7AF88347637F}"
EndProject
Global
	GlobalSection(SolutionConfigurationPlatforms) = preSolution
		Debug|Any CPU = Debug|Any CPU
		Release|Any CPU = Release|Any CPU
	EndGlobalSection
	GlobalSection(ProjectConfigurationPlatforms) = postSolution
		{0D889A54-A5F6-4F7B-9A81-185B65D9329A}.Debug|Any CPU.ActiveCfg = Debug|Any CPU
		{0D889A54-A5F6-4F7B-9A81-185B65D9329A}.Debug|Any CPU.Build.0 = Debug|Any CPU
		{0D889A54-A5F6-4F7B-9A81-185B65D9329A}.Release|Any CPU.ActiveCfg = Release|Any CPU
		{0D889A54-A5F6-4F7B-9A81-185B65D9329A}.Release|Any CPU.Build.0 = Release|Any CPU
		{20CFACE3-4373-40FA-B0E2-8B66CFA387D6}.Debug|Any CPU.ActiveCfg = Debug|Any CPU
		{20CFACE3-4373-40FA-B0E2-8B66CFA387D6}.Debug|Any CPU.Build.0 = Debug|Any CPU
		{20CFACE3-4373-40FA-B0E2-8B66CFA387D6}.Release|Any CPU.ActiveCfg = Release|Any CPU
		{20CFACE3-4373-40FA-B0E2-8B66CFA387D6}.Release|Any CPU.Build.0 = Release|Any CPU
		{8C7FC227-178C-476E-9562-4AF6BF9446C6}.Debug|Any CPU.ActiveCfg = Debug|Any CPU
		{8C7FC227-178C-476E-9562-4AF6BF9446C6}.Debug|Any CPU.Build.0 = Debug|Any CPU
		{8C7FC227-178C-476E-9562-4AF6BF9446C6}.Release|Any CPU.ActiveCfg = Release|Any CPU
		{8C7FC227-178C-476E-9562-4AF6BF9446C6}.Release|Any CPU.Build.0 = Release|Any CPU
		{47CB6767-5020-4E0D-9686-4A1E9FF36831}.Debug|Any CPU.ActiveCfg = Debug|Any CPU
		{47CB6767-5020-4E0D-9686-4A1E9FF36831}.Debug|Any CPU.Build.0 = Debug|Any CPU
		{47CB6767-5020-4E0D-9686-4A1E9FF36831}.Release|Any CPU.ActiveCfg = Release|Any CPU
		{47CB6767-5020-4E0D-9686-4A1E9FF36831}.Release|Any CPU.Build.0 = Release|Any CPU
		{FB325CE4-0523-4130-97D4-4D4C1068A8E4}.Debug|Any CPU.ActiveCfg = Debug|Any CPU
		{FB325CE4-0523-4130-97D4-4D4C1068A8E4}.Debug|Any CPU.Build.0 = Debug|Any CPU
		{FB325CE4-0523-4130-97D4-4D4C1068A8E4}.Release|Any CPU.ActiveCfg = Release|Any CPU
		{FB325CE4-0523-4130-97D4-4D4C1068A8E4}.Release|Any CPU.Build.0 = Release|Any CPU
		{7BD99AA1-6B76-4C98-A6CB-0A0B3C8E7C33}.Debug|Any CPU.ActiveCfg = Debug|Any CPU
		{7BD99AA1-6B76-4C98-A6CB-0A0B3C8E7C33}.Debug|Any CPU.Build.0 = Debug|Any CPU
		{7BD99AA1-6B76-4C98-A6CB-0A0B3C8E7C33}.Release|Any CPU.ActiveCfg = Release|Any CPU
		{7BD99AA1-6B76-4C98-A6CB-0A0B3C8E7C33}.Release|Any CPU.Build.0 = Release|Any CPU
		{2025F4F1-BEA6-4647-B384-B4F450306F13}.Debug|Any CPU.ActiveCfg = Debug|Any CPU
		{2025F4F1-BEA6-4647-B384-B4F450306F13}.Debug|Any CPU.Build.0 = Debug|Any CPU
		{2025F4F1-BEA6-4647-B384-B4F450306F13}.Release|Any CPU.ActiveCfg = Release|Any CPU
		{2025F4F1-BEA6-4647-B384-B4F450306F13}.Release|Any CPU.Build.0 = Release|Any CPU
		{77A2ECC6-76EF-43D5-BC2F-5EAE9D3A440C}.Debug|Any CPU.ActiveCfg = Debug|Any CPU
		{77A2ECC6-76EF-43D5-BC2F-5EAE9D3A440C}.Debug|Any CPU.Build.0 = Debug|Any CPU
		{77A2ECC6-76EF-43D5-BC2F-5EAE9D3A440C}.Release|Any CPU.ActiveCfg = Release|Any CPU
		{77A2ECC6-76EF-43D5-BC2F-5EAE9D3A440C}.Release|Any CPU.Build.0 = Release|Any CPU
		{63AFD63B-A074-49F8-8FC2-6051033D85D7}.Debug|Any CPU.ActiveCfg = Debug|Any CPU
		{63AFD63B-A074-49F8-8FC2-6051033D85D7}.Debug|Any CPU.Build.0 = Debug|Any CPU
		{63AFD63B-A074-49F8-8FC2-6051033D85D7}.Release|Any CPU.ActiveCfg = Release|Any CPU
		{63AFD63B-A074-49F8-8FC2-6051033D85D7}.Release|Any CPU.Build.0 = Release|Any CPU
		{B1B18A75-B867-48B5-A2A2-E38154157616}.Debug|Any CPU.ActiveCfg = Debug|Any CPU
		{B1B18A75-B867-48B5-A2A2-E38154157616}.Debug|Any CPU.Build.0 = Debug|Any CPU
		{B1B18A75-B867-48B5-A2A2-E38154157616}.Release|Any CPU.ActiveCfg = Release|Any CPU
		{B1B18A75-B867-48B5-A2A2-E38154157616}.Release|Any CPU.Build.0 = Release|Any CPU
		{93A6D471-E1A5-4A36-9A90-7AF88347637F}.Debug|Any CPU.ActiveCfg = Debug|Any CPU
		{93A6D471-E1A5-4A36-9A90-7AF88347637F}.Debug|Any CPU.Build.0 = Debug|Any CPU
		{93A6D471-E1A5-4A36-9A90-7AF88347637F}.Release|Any CPU.ActiveCfg = Release|Any CPU
		{93A6D471-E1A5-4A36-9A90-7AF88347637F}.Release|Any CPU.Build.0 = Release|Any CPU
	EndGlobalSection
	GlobalSection(NestedProjects) = preSolution
		{FB325CE4-0523-4130-97D4-4D4C1068A8E4} = {E5657D14-4CE0-4FEE-B85D-5024F6C9DE3A}
		{7BD99AA1-6B76-4C98-A6CB-0A0B3C8E7C33} = {E5657D14-4CE0-4FEE-B85D-5024F6C9DE3A}
		{2025F4F1-BEA6-4647-B384-B4F450306F13} = {E5657D14-4CE0-4FEE-B85D-5024F6C9DE3A}
		{104A4329-CDD6-4848-909D-88F37640690B} = {E5657D14-4CE0-4FEE-B85D-5024F6C9DE3A}
		{77A2ECC6-76EF-43D5-BC2F-5EAE9D3A440C} = {104A4329-CDD6-4848-909D-88F37640690B}
		{63AFD63B-A074-49F8-8FC2-6051033D85D7} = {104A4329-CDD6-4848-909D-88F37640690B}
		{B1B18A75-B867-48B5-A2A2-E38154157616} = {5A5D6EBC-4ABD-4D6F-A812-0E6AB4F2AB5C}
		{93A6D471-E1A5-4A36-9A90-7AF88347637F} = {5A5D6EBC-4ABD-4D6F-A812-0E6AB4F2AB5C}
	EndGlobalSection
EndGlobal
