
Microsoft Visual Studio Solution File, Format Version 12.00
Project("{FAE04EC0-301F-11D3-BF4B-00C04F79EFBC}") = "ToDoAsLessCodeAsPossible.Api", "ToDoAsLessCodeAsPossible.Api\ToDoAsLessCodeAsPossible.Api.csproj", "{0D889A54-A5F6-4F7B-9A81-185B65D9329A}"
EndProject
Project("{FAE04EC0-301F-11D3-BF4B-00C04F79EFBC}") = "ToDoAsLessCodeAsPossible.Infrastructure", "ToDoAsLessCodeAsPossible.Infrastructure\ToDoAsLessCodeAsPossible.Infrastructure.csproj", "{20CFACE3-4373-40FA-B0E2-8B66CFA387D6}"
EndProject
Project("{FAE04EC0-301F-11D3-BF4B-00C04F79EFBC}") = "ToDoAsLessCodeAsPossible.UseCases", "ToDoAsLessCodeAsPossible.UseCases\ToDoAsLessCodeAsPossible.UseCases.csproj", "{8C7FC227-178C-476E-9562-4AF6BF9446C6}"
EndProject
Project("{FAE04EC0-301F-11D3-BF4B-00C04F79EFBC}") = "ToDoAsLessCodeAsPossible.Domain", "ToDoAsLessCodeAsPossible.Domain\ToDoAsLessCodeAsPossible.Domain.csproj", "{47CB6767-5020-4E0D-9686-4A1E9FF36831}"
EndProject
Global
	GlobalSection(SolutionConfigurationPlatforms) = preSolution
		Debug|Any CPU = Debug|Any CPU
		Release|Any CPU = Release|Any CPU
	EndGlobalSection
	GlobalSection(ProjectConfigurationPlatforms) = postSolution
		{0D889A54-A5F6-4F7B-9A81-185B65D9329A}.Debug|Any CPU.ActiveCfg = Debug|Any CPU
		{0D889A54-A5F6-4F7B-9A81-185B65D9329A}.Debug|Any CPU.Build.0 = Debug|Any CPU
		{0D889A54-A5F6-4F7B-9A81-185B65D9329A}.Release|Any CPU.ActiveCfg = Release|Any CPU
		{0D889A54-A5F6-4F7B-9A81-185B65D9329A}.Release|Any CPU.Build.0 = Release|Any CPU
		{20CFACE3-4373-40FA-B0E2-8B66CFA387D6}.Debug|Any CPU.ActiveCfg = Debug|Any CPU
		{20CFACE3-4373-40FA-B0E2-8B66CFA387D6}.Debug|Any CPU.Build.0 = Debug|Any CPU
		{20CFACE3-4373-40FA-B0E2-8B66CFA387D6}.Release|Any CPU.ActiveCfg = Release|Any CPU
		{20CFACE3-4373-40FA-B0E2-8B66CFA387D6}.Release|Any CPU.Build.0 = Release|Any CPU
		{8C7FC227-178C-476E-9562-4AF6BF9446C6}.Debug|Any CPU.ActiveCfg = Debug|Any CPU
		{8C7FC227-178C-476E-9562-4AF6BF9446C6}.Debug|Any CPU.Build.0 = Debug|Any CPU
		{8C7FC227-178C-476E-9562-4AF6BF9446C6}.Release|Any CPU.ActiveCfg = Release|Any CPU
		{8C7FC227-178C-476E-9562-4AF6BF9446C6}.Release|Any CPU.Build.0 = Release|Any CPU
		{47CB6767-5020-4E0D-9686-4A1E9FF36831}.Debug|Any CPU.ActiveCfg = Debug|Any CPU
		{47CB6767-5020-4E0D-9686-4A1E9FF36831}.Debug|Any CPU.Build.0 = Debug|Any CPU
		{47CB6767-5020-4E0D-9686-4A1E9FF36831}.Release|Any CPU.ActiveCfg = Release|Any CPU
		{47CB6767-5020-4E0D-9686-4A1E9FF36831}.Release|Any CPU.Build.0 = Release|Any CPU
	EndGlobalSection
EndGlobal
